
Microsoft Visual Studio Solution File, Format Version 12.00
# Visual Studio Version 16
VisualStudioVersion = 16.0.30320.27
MinimumVisualStudioVersion = 10.0.40219.1
Project("{FAE04EC0-301F-11D3-BF4B-00C04F79EFBC}") = "MasterOfMalt.Api", "MasterOfMalt.Api\MasterOfMalt.Api.csproj", "{76F379BE-1138-46F7-BC79-9E1C70B2E5DA}"
EndProject
Project("{FAE04EC0-301F-11D3-BF4B-00C04F79EFBC}") = "MasterOfMalt.Domain", "MasterOfMalt.Domain\MasterOfMalt.Domain.csproj", "{48B8AF58-14E1-4F3A-91A4-4A72DAEFD15E}"
EndProject
Project("{FAE04EC0-301F-11D3-BF4B-00C04F79EFBC}") = "MasterOfMalt.Repository", "MasterOfMalt.Repository\MasterOfMalt.Repository.csproj", "{7498E2ED-5408-413C-B589-AE00155441F2}"
EndProject
Global
	GlobalSection(SolutionConfigurationPlatforms) = preSolution
		Debug|Any CPU = Debug|Any CPU
		Release|Any CPU = Release|Any CPU
	EndGlobalSection
	GlobalSection(ProjectConfigurationPlatforms) = postSolution
		{76F379BE-1138-46F7-BC79-9E1C70B2E5DA}.Debug|Any CPU.ActiveCfg = Debug|Any CPU
		{76F379BE-1138-46F7-BC79-9E1C70B2E5DA}.Debug|Any CPU.Build.0 = Debug|Any CPU
		{76F379BE-1138-46F7-BC79-9E1C70B2E5DA}.Release|Any CPU.ActiveCfg = Release|Any CPU
		{76F379BE-1138-46F7-BC79-9E1C70B2E5DA}.Release|Any CPU.Build.0 = Release|Any CPU
		{48B8AF58-14E1-4F3A-91A4-4A72DAEFD15E}.Debug|Any CPU.ActiveCfg = Debug|Any CPU
		{48B8AF58-14E1-4F3A-91A4-4A72DAEFD15E}.Debug|Any CPU.Build.0 = Debug|Any CPU
		{48B8AF58-14E1-4F3A-91A4-4A72DAEFD15E}.Release|Any CPU.ActiveCfg = Release|Any CPU
		{48B8AF58-14E1-4F3A-91A4-4A72DAEFD15E}.Release|Any CPU.Build.0 = Release|Any CPU
		{7498E2ED-5408-413C-B589-AE00155441F2}.Debug|Any CPU.ActiveCfg = Debug|Any CPU
		{7498E2ED-5408-413C-B589-AE00155441F2}.Debug|Any CPU.Build.0 = Debug|Any CPU
		{7498E2ED-5408-413C-B589-AE00155441F2}.Release|Any CPU.ActiveCfg = Release|Any CPU
		{7498E2ED-5408-413C-B589-AE00155441F2}.Release|Any CPU.Build.0 = Release|Any CPU
	EndGlobalSection
	GlobalSection(SolutionProperties) = preSolution
		HideSolutionNode = FALSE
	EndGlobalSection
	GlobalSection(ExtensibilityGlobals) = postSolution
		SolutionGuid = {5D1F1736-4903-4C8D-BEA8-C9F64A365558}
	EndGlobalSection
EndGlobal
